
Microsoft Visual Studio Solution File, Format Version 12.00
# Visual Studio Version 17
VisualStudioVersion = 17.11.35222.181
MinimumVisualStudioVersion = 10.0.40219.1
Project("{FAE04EC0-301F-11D3-BF4B-00C04F79EFBC}") = "5M03konWyszukiwanieDanegoElementu", "5M03konWyszukiwanieDanegoElementu\5M03konWyszukiwanieDanegoElementu.csproj", "{12B491FC-3244-401B-ADF0-A12D79D79903}"
EndProject
Global
	GlobalSection(SolutionConfigurationPlatforms) = preSolution
		Debug|Any CPU = Debug|Any CPU
		Release|Any CPU = Release|Any CPU
	EndGlobalSection
	GlobalSection(ProjectConfigurationPlatforms) = postSolution
		{12B491FC-3244-401B-ADF0-A12D79D79903}.Debug|Any CPU.ActiveCfg = Debug|Any CPU
		{12B491FC-3244-401B-ADF0-A12D79D79903}.Debug|Any CPU.Build.0 = Debug|Any CPU
		{12B491FC-3244-401B-ADF0-A12D79D79903}.Release|Any CPU.ActiveCfg = Release|Any CPU
		{12B491FC-3244-401B-ADF0-A12D79D79903}.Release|Any CPU.Build.0 = Release|Any CPU
	EndGlobalSection
	GlobalSection(SolutionProperties) = preSolution
		HideSolutionNode = FALSE
	EndGlobalSection
	GlobalSection(ExtensibilityGlobals) = postSolution
		SolutionGuid = {AF672238-08D8-4834-B1A9-2330A4E0B186}
	EndGlobalSection
EndGlobal
